
Microsoft Visual Studio Solution File, Format Version 12.00
# Visual Studio 15
VisualStudioVersion = 15.0.28010.2046
MinimumVisualStudioVersion = 10.0.40219.1
Project("{FAE04EC0-301F-11D3-BF4B-00C04F79EFBC}") = "DevToolsApp", "DevToolsApp\DevToolsApp.csproj", "{73A62BD3-8F6F-47E0-BEFE-BCE807A6A2E4}"
EndProject
Project("{FAE04EC0-301F-11D3-BF4B-00C04F79EFBC}") = "JsonUtilitiesApp", "JsonUtilitiesApp\JsonUtilitiesApp.csproj", "{AB4507AB-C98C-4784-8C0B-6A56EF843A33}"
EndProject
Global
	GlobalSection(SolutionConfigurationPlatforms) = preSolution
		Debug|Any CPU = Debug|Any CPU
		Release|Any CPU = Release|Any CPU
	EndGlobalSection
	GlobalSection(ProjectConfigurationPlatforms) = postSolution
		{73A62BD3-8F6F-47E0-BEFE-BCE807A6A2E4}.Debug|Any CPU.ActiveCfg = Debug|Any CPU
		{73A62BD3-8F6F-47E0-BEFE-BCE807A6A2E4}.Debug|Any CPU.Build.0 = Debug|Any CPU
		{73A62BD3-8F6F-47E0-BEFE-BCE807A6A2E4}.Release|Any CPU.ActiveCfg = Release|Any CPU
		{73A62BD3-8F6F-47E0-BEFE-BCE807A6A2E4}.Release|Any CPU.Build.0 = Release|Any CPU
		{AB4507AB-C98C-4784-8C0B-6A56EF843A33}.Debug|Any CPU.ActiveCfg = Debug|Any CPU
		{AB4507AB-C98C-4784-8C0B-6A56EF843A33}.Debug|Any CPU.Build.0 = Debug|Any CPU
		{AB4507AB-C98C-4784-8C0B-6A56EF843A33}.Release|Any CPU.ActiveCfg = Release|Any CPU
		{AB4507AB-C98C-4784-8C0B-6A56EF843A33}.Release|Any CPU.Build.0 = Release|Any CPU
	EndGlobalSection
	GlobalSection(SolutionProperties) = preSolution
		HideSolutionNode = FALSE
	EndGlobalSection
	GlobalSection(ExtensibilityGlobals) = postSolution
		SolutionGuid = {358CF78F-2635-4259-B466-414DDF6F5105}
	EndGlobalSection
EndGlobal
